
Microsoft Visual Studio Solution File, Format Version 12.00
# Visual Studio Version 17
VisualStudioVersion = 17.13.35913.81 d17.13
MinimumVisualStudioVersion = 10.0.40219.1
Project("{54A90642-561A-4BB1-A94E-469ADEE60C69}") = "rprauto.client", "rprauto.client\rprauto.client.esproj", "{BE56F8F9-F7D5-566D-0C29-0B6EEA2BB729}"
EndProject
Project("{FAE04EC0-301F-11D3-BF4B-00C04F79EFBC}") = "RPRAuto.Server", "RPRAuto.Server\RPRAuto.Server.csproj", "{387F39F9-CAEC-410F-81CF-B75DD5C52962}"
EndProject
Global
	GlobalSection(SolutionConfigurationPlatforms) = preSolution
		Debug|Any CPU = Debug|Any CPU
		Release|Any CPU = Release|Any CPU
	EndGlobalSection
	GlobalSection(ProjectConfigurationPlatforms) = postSolution
		{BE56F8F9-F7D5-566D-0C29-0B6EEA2BB729}.Debug|Any CPU.ActiveCfg = Debug|Any CPU
		{BE56F8F9-F7D5-566D-0C29-0B6EEA2BB729}.Debug|Any CPU.Build.0 = Debug|Any CPU
		{BE56F8F9-F7D5-566D-0C29-0B6EEA2BB729}.Debug|Any CPU.Deploy.0 = Debug|Any CPU
		{BE56F8F9-F7D5-566D-0C29-0B6EEA2BB729}.Release|Any CPU.ActiveCfg = Release|Any CPU
		{BE56F8F9-F7D5-566D-0C29-0B6EEA2BB729}.Release|Any CPU.Build.0 = Release|Any CPU
		{BE56F8F9-F7D5-566D-0C29-0B6EEA2BB729}.Release|Any CPU.Deploy.0 = Release|Any CPU
		{387F39F9-CAEC-410F-81CF-B75DD5C52962}.Debug|Any CPU.ActiveCfg = Debug|Any CPU
		{387F39F9-CAEC-410F-81CF-B75DD5C52962}.Debug|Any CPU.Build.0 = Debug|Any CPU
		{387F39F9-CAEC-410F-81CF-B75DD5C52962}.Release|Any CPU.ActiveCfg = Release|Any CPU
		{387F39F9-CAEC-410F-81CF-B75DD5C52962}.Release|Any CPU.Build.0 = Release|Any CPU
	EndGlobalSection
	GlobalSection(SolutionProperties) = preSolution
		HideSolutionNode = FALSE
	EndGlobalSection
	GlobalSection(ExtensibilityGlobals) = postSolution
		SolutionGuid = {0FA7E927-A568-46DC-8ADF-B461DA294EBB}
	EndGlobalSection
EndGlobal
